
Microsoft Visual Studio Solution File, Format Version 12.00
# Visual Studio Version 17
VisualStudioVersion = 17.5.33530.505
MinimumVisualStudioVersion = 10.0.40219.1
Project("{9A19103F-16F7-4668-BE54-9A1E7A4F7556}") = "myFirtsAppDesktop", "myFirtsAppDesktop.csproj", "{F89C3142-473A-4CA6-8F49-1B25B288D247}"
EndProject
Project("{2150E333-8FDC-42A3-9474-1A3956D46DE8}") = "Itens de Solução", "Itens de Solução", "{B134D12E-8BE4-4DB3-A16B-9759CF959723}"
EndProject
Global
	GlobalSection(SolutionConfigurationPlatforms) = preSolution
		Debug|Any CPU = Debug|Any CPU
		Release|Any CPU = Release|Any CPU
	EndGlobalSection
	GlobalSection(ProjectConfigurationPlatforms) = postSolution
		{F89C3142-473A-4CA6-8F49-1B25B288D247}.Debug|Any CPU.ActiveCfg = Debug|Any CPU
		{F89C3142-473A-4CA6-8F49-1B25B288D247}.Debug|Any CPU.Build.0 = Debug|Any CPU
		{F89C3142-473A-4CA6-8F49-1B25B288D247}.Release|Any CPU.ActiveCfg = Release|Any CPU
		{F89C3142-473A-4CA6-8F49-1B25B288D247}.Release|Any CPU.Build.0 = Release|Any CPU
	EndGlobalSection
	GlobalSection(SolutionProperties) = preSolution
		HideSolutionNode = FALSE
	EndGlobalSection
	GlobalSection(ExtensibilityGlobals) = postSolution
		SolutionGuid = {D2CA84BF-F601-443D-A71D-11BB958510D6}
	EndGlobalSection
EndGlobal
